
Microsoft Visual Studio Solution File, Format Version 12.00
# Visual Studio Version 16
VisualStudioVersion = 16.0.30804.86
MinimumVisualStudioVersion = 10.0.40219.1
Project("{9A19103F-16F7-4668-BE54-9A1E7A4F7556}") = "krona-vm", "krona-vm\krona-vm.csproj", "{300A87C9-430E-4989-A466-1B4D09790C55}"
EndProject
Project("{9A19103F-16F7-4668-BE54-9A1E7A4F7556}") = "krona-core", "krona-core\krona-core.csproj", "{225451D5-D4A8-4DBD-9882-3708EB083DAC}"
EndProject
Project("{9A19103F-16F7-4668-BE54-9A1E7A4F7556}") = "krona-cli", "krona-cli\krona-cli.csproj", "{9ED79947-303E-4938-9BB2-A52DE31830A2}"
EndProject
Project("{2150E333-8FDC-42A3-9474-1A3956D46DE8}") = "Tests", "Tests", "{EB575617-D258-4BCA-8FC7-B973028AC366}"
EndProject
Project("{9A19103F-16F7-4668-BE54-9A1E7A4F7556}") = "krona-vm.Tests", "tests\krona-vm.Tests\krona-vm.Tests.csproj", "{96A6562C-4377-47D7-9EA3-B876390AF94F}"
EndProject
Project("{9A19103F-16F7-4668-BE54-9A1E7A4F7556}") = "krona-core.UnitTests", "tests\krona-core.UnitTests\krona-core.UnitTests.csproj", "{964D1710-94D8-4DCD-A440-03E016CCFC40}"
EndProject
Project("{9A19103F-16F7-4668-BE54-9A1E7A4F7556}") = "krona-cli.UnitTests", "tests\krona-cli.UnitTests\krona-cli.UnitTests.csproj", "{04A4EE68-B569-4662-9AD4-0F0DEC2F833A}"
EndProject
Project("{FAE04EC0-301F-11D3-BF4B-00C04F79EFBC}") = "krona-gui", "krona-gui\krona-gui.csproj", "{CFC243F0-F4E3-4754-8E21-8BA17E1C1788}"
EndProject
Project("{2150E333-8FDC-42A3-9474-1A3956D46DE8}") = "Plugins", "Plugins", "{F17C40FE-EB0A-4128-8371-7CD49EDBF798}"
EndProject
Project("{9A19103F-16F7-4668-BE54-9A1E7A4F7556}") = "ApplicationLogs", "plugins\ApplicationLogs\ApplicationLogs.csproj", "{7415CB36-F5B4-4672-A45C-1D3C3F244291}"
EndProject
Project("{9A19103F-16F7-4668-BE54-9A1E7A4F7556}") = "CoreMetrics", "plugins\CoreMetrics\CoreMetrics.csproj", "{95F195B0-D106-4E8B-AFA2-652B5B5D604C}"
EndProject
Project("{9A19103F-16F7-4668-BE54-9A1E7A4F7556}") = "ImportBlocks", "plugins\ImportBlocks\ImportBlocks.csproj", "{FD4D4149-70F2-41C9-B8D0-A53CA423AD71}"
EndProject
Project("{9A19103F-16F7-4668-BE54-9A1E7A4F7556}") = "RpcSecurity", "plugins\RpcSecurity\RpcSecurity.csproj", "{1A486C96-7135-425D-86C9-937EABA347CB}"
EndProject
Project("{9A19103F-16F7-4668-BE54-9A1E7A4F7556}") = "RpcWallet", "plugins\RpcWallet\RpcWallet.csproj", "{B78B3ECD-F184-4018-A049-3C0FAC369993}"
EndProject
Project("{9A19103F-16F7-4668-BE54-9A1E7A4F7556}") = "SimplePolicy", "plugins\SimplePolicy\SimplePolicy.csproj", "{506F7A92-534F-4CF5-8BFF-18187855C8F6}"
EndProject
Project("{9A19103F-16F7-4668-BE54-9A1E7A4F7556}") = "SimplePolicy.UnitTests", "plugins\SimplePolicy.UnitTests\SimplePolicy.UnitTests.csproj", "{42D12C0B-8AE8-4097-8E36-048A2D37C637}"
EndProject
Project("{9A19103F-16F7-4668-BE54-9A1E7A4F7556}") = "StatesDumper", "plugins\StatesDumper\StatesDumper.csproj", "{AA094DF4-ED1E-413F-BCB9-9DED8ED06E3D}"
EndProject
Global
	GlobalSection(SolutionConfigurationPlatforms) = preSolution
		Debug|Any CPU = Debug|Any CPU
		Debug|x64 = Debug|x64
		Debug|x86 = Debug|x86
		Release|Any CPU = Release|Any CPU
		Release|x64 = Release|x64
		Release|x86 = Release|x86
	EndGlobalSection
	GlobalSection(ProjectConfigurationPlatforms) = postSolution
		{300A87C9-430E-4989-A466-1B4D09790C55}.Debug|Any CPU.ActiveCfg = Debug|Any CPU
		{300A87C9-430E-4989-A466-1B4D09790C55}.Debug|Any CPU.Build.0 = Debug|Any CPU
		{300A87C9-430E-4989-A466-1B4D09790C55}.Debug|x64.ActiveCfg = Debug|Any CPU
		{300A87C9-430E-4989-A466-1B4D09790C55}.Debug|x64.Build.0 = Debug|Any CPU
		{300A87C9-430E-4989-A466-1B4D09790C55}.Debug|x86.ActiveCfg = Debug|Any CPU
		{300A87C9-430E-4989-A466-1B4D09790C55}.Debug|x86.Build.0 = Debug|Any CPU
		{300A87C9-430E-4989-A466-1B4D09790C55}.Release|Any CPU.ActiveCfg = Release|Any CPU
		{300A87C9-430E-4989-A466-1B4D09790C55}.Release|Any CPU.Build.0 = Release|Any CPU
		{300A87C9-430E-4989-A466-1B4D09790C55}.Release|x64.ActiveCfg = Release|Any CPU
		{300A87C9-430E-4989-A466-1B4D09790C55}.Release|x64.Build.0 = Release|Any CPU
		{300A87C9-430E-4989-A466-1B4D09790C55}.Release|x86.ActiveCfg = Release|Any CPU
		{300A87C9-430E-4989-A466-1B4D09790C55}.Release|x86.Build.0 = Release|Any CPU
		{225451D5-D4A8-4DBD-9882-3708EB083DAC}.Debug|Any CPU.ActiveCfg = Debug|Any CPU
		{225451D5-D4A8-4DBD-9882-3708EB083DAC}.Debug|Any CPU.Build.0 = Debug|Any CPU
		{225451D5-D4A8-4DBD-9882-3708EB083DAC}.Debug|x64.ActiveCfg = Debug|Any CPU
		{225451D5-D4A8-4DBD-9882-3708EB083DAC}.Debug|x64.Build.0 = Debug|Any CPU
		{225451D5-D4A8-4DBD-9882-3708EB083DAC}.Debug|x86.ActiveCfg = Debug|Any CPU
		{225451D5-D4A8-4DBD-9882-3708EB083DAC}.Debug|x86.Build.0 = Debug|Any CPU
		{225451D5-D4A8-4DBD-9882-3708EB083DAC}.Release|Any CPU.ActiveCfg = Release|Any CPU
		{225451D5-D4A8-4DBD-9882-3708EB083DAC}.Release|Any CPU.Build.0 = Release|Any CPU
		{225451D5-D4A8-4DBD-9882-3708EB083DAC}.Release|x64.ActiveCfg = Release|Any CPU
		{225451D5-D4A8-4DBD-9882-3708EB083DAC}.Release|x64.Build.0 = Release|Any CPU
		{225451D5-D4A8-4DBD-9882-3708EB083DAC}.Release|x86.ActiveCfg = Release|Any CPU
		{225451D5-D4A8-4DBD-9882-3708EB083DAC}.Release|x86.Build.0 = Release|Any CPU
		{9ED79947-303E-4938-9BB2-A52DE31830A2}.Debug|Any CPU.ActiveCfg = Debug|Any CPU
		{9ED79947-303E-4938-9BB2-A52DE31830A2}.Debug|Any CPU.Build.0 = Debug|Any CPU
		{9ED79947-303E-4938-9BB2-A52DE31830A2}.Debug|x64.ActiveCfg = Debug|Any CPU
		{9ED79947-303E-4938-9BB2-A52DE31830A2}.Debug|x64.Build.0 = Debug|Any CPU
		{9ED79947-303E-4938-9BB2-A52DE31830A2}.Debug|x86.ActiveCfg = Debug|Any CPU
		{9ED79947-303E-4938-9BB2-A52DE31830A2}.Debug|x86.Build.0 = Debug|Any CPU
		{9ED79947-303E-4938-9BB2-A52DE31830A2}.Release|Any CPU.ActiveCfg = Release|Any CPU
		{9ED79947-303E-4938-9BB2-A52DE31830A2}.Release|Any CPU.Build.0 = Release|Any CPU
		{9ED79947-303E-4938-9BB2-A52DE31830A2}.Release|x64.ActiveCfg = Release|Any CPU
		{9ED79947-303E-4938-9BB2-A52DE31830A2}.Release|x64.Build.0 = Release|Any CPU
		{9ED79947-303E-4938-9BB2-A52DE31830A2}.Release|x86.ActiveCfg = Release|Any CPU
		{9ED79947-303E-4938-9BB2-A52DE31830A2}.Release|x86.Build.0 = Release|Any CPU
		{96A6562C-4377-47D7-9EA3-B876390AF94F}.Debug|Any CPU.ActiveCfg = Debug|Any CPU
		{96A6562C-4377-47D7-9EA3-B876390AF94F}.Debug|Any CPU.Build.0 = Debug|Any CPU
		{96A6562C-4377-47D7-9EA3-B876390AF94F}.Debug|x64.ActiveCfg = Debug|Any CPU
		{96A6562C-4377-47D7-9EA3-B876390AF94F}.Debug|x64.Build.0 = Debug|Any CPU
		{96A6562C-4377-47D7-9EA3-B876390AF94F}.Debug|x86.ActiveCfg = Debug|Any CPU
		{96A6562C-4377-47D7-9EA3-B876390AF94F}.Debug|x86.Build.0 = Debug|Any CPU
		{96A6562C-4377-47D7-9EA3-B876390AF94F}.Release|Any CPU.ActiveCfg = Release|Any CPU
		{96A6562C-4377-47D7-9EA3-B876390AF94F}.Release|Any CPU.Build.0 = Release|Any CPU
		{96A6562C-4377-47D7-9EA3-B876390AF94F}.Release|x64.ActiveCfg = Release|Any CPU
		{96A6562C-4377-47D7-9EA3-B876390AF94F}.Release|x64.Build.0 = Release|Any CPU
		{96A6562C-4377-47D7-9EA3-B876390AF94F}.Release|x86.ActiveCfg = Release|Any CPU
		{96A6562C-4377-47D7-9EA3-B876390AF94F}.Release|x86.Build.0 = Release|Any CPU
		{964D1710-94D8-4DCD-A440-03E016CCFC40}.Debug|Any CPU.ActiveCfg = Debug|Any CPU
		{964D1710-94D8-4DCD-A440-03E016CCFC40}.Debug|Any CPU.Build.0 = Debug|Any CPU
		{964D1710-94D8-4DCD-A440-03E016CCFC40}.Debug|x64.ActiveCfg = Debug|Any CPU
		{964D1710-94D8-4DCD-A440-03E016CCFC40}.Debug|x64.Build.0 = Debug|Any CPU
		{964D1710-94D8-4DCD-A440-03E016CCFC40}.Debug|x86.ActiveCfg = Debug|Any CPU
		{964D1710-94D8-4DCD-A440-03E016CCFC40}.Debug|x86.Build.0 = Debug|Any CPU
		{964D1710-94D8-4DCD-A440-03E016CCFC40}.Release|Any CPU.ActiveCfg = Release|Any CPU
		{964D1710-94D8-4DCD-A440-03E016CCFC40}.Release|Any CPU.Build.0 = Release|Any CPU
		{964D1710-94D8-4DCD-A440-03E016CCFC40}.Release|x64.ActiveCfg = Release|Any CPU
		{964D1710-94D8-4DCD-A440-03E016CCFC40}.Release|x64.Build.0 = Release|Any CPU
		{964D1710-94D8-4DCD-A440-03E016CCFC40}.Release|x86.ActiveCfg = Release|Any CPU
		{964D1710-94D8-4DCD-A440-03E016CCFC40}.Release|x86.Build.0 = Release|Any CPU
		{04A4EE68-B569-4662-9AD4-0F0DEC2F833A}.Debug|Any CPU.ActiveCfg = Debug|Any CPU
		{04A4EE68-B569-4662-9AD4-0F0DEC2F833A}.Debug|Any CPU.Build.0 = Debug|Any CPU
		{04A4EE68-B569-4662-9AD4-0F0DEC2F833A}.Debug|x64.ActiveCfg = Debug|Any CPU
		{04A4EE68-B569-4662-9AD4-0F0DEC2F833A}.Debug|x64.Build.0 = Debug|Any CPU
		{04A4EE68-B569-4662-9AD4-0F0DEC2F833A}.Debug|x86.ActiveCfg = Debug|Any CPU
		{04A4EE68-B569-4662-9AD4-0F0DEC2F833A}.Debug|x86.Build.0 = Debug|Any CPU
		{04A4EE68-B569-4662-9AD4-0F0DEC2F833A}.Release|Any CPU.ActiveCfg = Release|Any CPU
		{04A4EE68-B569-4662-9AD4-0F0DEC2F833A}.Release|Any CPU.Build.0 = Release|Any CPU
		{04A4EE68-B569-4662-9AD4-0F0DEC2F833A}.Release|x64.ActiveCfg = Release|Any CPU
		{04A4EE68-B569-4662-9AD4-0F0DEC2F833A}.Release|x64.Build.0 = Release|Any CPU
		{04A4EE68-B569-4662-9AD4-0F0DEC2F833A}.Release|x86.ActiveCfg = Release|Any CPU
		{04A4EE68-B569-4662-9AD4-0F0DEC2F833A}.Release|x86.Build.0 = Release|Any CPU
		{CFC243F0-F4E3-4754-8E21-8BA17E1C1788}.Debug|Any CPU.ActiveCfg = Debug|Any CPU
		{CFC243F0-F4E3-4754-8E21-8BA17E1C1788}.Debug|Any CPU.Build.0 = Debug|Any CPU
		{CFC243F0-F4E3-4754-8E21-8BA17E1C1788}.Debug|x64.ActiveCfg = Debug|Any CPU
		{CFC243F0-F4E3-4754-8E21-8BA17E1C1788}.Debug|x64.Build.0 = Debug|Any CPU
		{CFC243F0-F4E3-4754-8E21-8BA17E1C1788}.Debug|x86.ActiveCfg = Debug|Any CPU
		{CFC243F0-F4E3-4754-8E21-8BA17E1C1788}.Debug|x86.Build.0 = Debug|Any CPU
		{CFC243F0-F4E3-4754-8E21-8BA17E1C1788}.Release|Any CPU.ActiveCfg = Release|Any CPU
		{CFC243F0-F4E3-4754-8E21-8BA17E1C1788}.Release|Any CPU.Build.0 = Release|Any CPU
		{CFC243F0-F4E3-4754-8E21-8BA17E1C1788}.Release|x64.ActiveCfg = Release|Any CPU
		{CFC243F0-F4E3-4754-8E21-8BA17E1C1788}.Release|x64.Build.0 = Release|Any CPU
		{CFC243F0-F4E3-4754-8E21-8BA17E1C1788}.Release|x86.ActiveCfg = Release|Any CPU
		{CFC243F0-F4E3-4754-8E21-8BA17E1C1788}.Release|x86.Build.0 = Release|Any CPU
		{7415CB36-F5B4-4672-A45C-1D3C3F244291}.Debug|Any CPU.ActiveCfg = Debug|Any CPU
		{7415CB36-F5B4-4672-A45C-1D3C3F244291}.Debug|Any CPU.Build.0 = Debug|Any CPU
		{7415CB36-F5B4-4672-A45C-1D3C3F244291}.Debug|x64.ActiveCfg = Debug|Any CPU
		{7415CB36-F5B4-4672-A45C-1D3C3F244291}.Debug|x64.Build.0 = Debug|Any CPU
		{7415CB36-F5B4-4672-A45C-1D3C3F244291}.Debug|x86.ActiveCfg = Debug|Any CPU
		{7415CB36-F5B4-4672-A45C-1D3C3F244291}.Debug|x86.Build.0 = Debug|Any CPU
		{7415CB36-F5B4-4672-A45C-1D3C3F244291}.Release|Any CPU.ActiveCfg = Release|Any CPU
		{7415CB36-F5B4-4672-A45C-1D3C3F244291}.Release|Any CPU.Build.0 = Release|Any CPU
		{7415CB36-F5B4-4672-A45C-1D3C3F244291}.Release|x64.ActiveCfg = Release|Any CPU
		{7415CB36-F5B4-4672-A45C-1D3C3F244291}.Release|x64.Build.0 = Release|Any CPU
		{7415CB36-F5B4-4672-A45C-1D3C3F244291}.Release|x86.ActiveCfg = Release|Any CPU
		{7415CB36-F5B4-4672-A45C-1D3C3F244291}.Release|x86.Build.0 = Release|Any CPU
		{95F195B0-D106-4E8B-AFA2-652B5B5D604C}.Debug|Any CPU.ActiveCfg = Debug|Any CPU
		{95F195B0-D106-4E8B-AFA2-652B5B5D604C}.Debug|Any CPU.Build.0 = Debug|Any CPU
		{95F195B0-D106-4E8B-AFA2-652B5B5D604C}.Debug|x64.ActiveCfg = Debug|Any CPU
		{95F195B0-D106-4E8B-AFA2-652B5B5D604C}.Debug|x64.Build.0 = Debug|Any CPU
		{95F195B0-D106-4E8B-AFA2-652B5B5D604C}.Debug|x86.ActiveCfg = Debug|Any CPU
		{95F195B0-D106-4E8B-AFA2-652B5B5D604C}.Debug|x86.Build.0 = Debug|Any CPU
		{95F195B0-D106-4E8B-AFA2-652B5B5D604C}.Release|Any CPU.ActiveCfg = Release|Any CPU
		{95F195B0-D106-4E8B-AFA2-652B5B5D604C}.Release|Any CPU.Build.0 = Release|Any CPU
		{95F195B0-D106-4E8B-AFA2-652B5B5D604C}.Release|x64.ActiveCfg = Release|Any CPU
		{95F195B0-D106-4E8B-AFA2-652B5B5D604C}.Release|x64.Build.0 = Release|Any CPU
		{95F195B0-D106-4E8B-AFA2-652B5B5D604C}.Release|x86.ActiveCfg = Release|Any CPU
		{95F195B0-D106-4E8B-AFA2-652B5B5D604C}.Release|x86.Build.0 = Release|Any CPU
		{FD4D4149-70F2-41C9-B8D0-A53CA423AD71}.Debug|Any CPU.ActiveCfg = Debug|Any CPU
		{FD4D4149-70F2-41C9-B8D0-A53CA423AD71}.Debug|Any CPU.Build.0 = Debug|Any CPU
		{FD4D4149-70F2-41C9-B8D0-A53CA423AD71}.Debug|x64.ActiveCfg = Debug|Any CPU
		{FD4D4149-70F2-41C9-B8D0-A53CA423AD71}.Debug|x64.Build.0 = Debug|Any CPU
		{FD4D4149-70F2-41C9-B8D0-A53CA423AD71}.Debug|x86.ActiveCfg = Debug|Any CPU
		{FD4D4149-70F2-41C9-B8D0-A53CA423AD71}.Debug|x86.Build.0 = Debug|Any CPU
		{FD4D4149-70F2-41C9-B8D0-A53CA423AD71}.Release|Any CPU.ActiveCfg = Release|Any CPU
		{FD4D4149-70F2-41C9-B8D0-A53CA423AD71}.Release|Any CPU.Build.0 = Release|Any CPU
		{FD4D4149-70F2-41C9-B8D0-A53CA423AD71}.Release|x64.ActiveCfg = Release|Any CPU
		{FD4D4149-70F2-41C9-B8D0-A53CA423AD71}.Release|x64.Build.0 = Release|Any CPU
		{FD4D4149-70F2-41C9-B8D0-A53CA423AD71}.Release|x86.ActiveCfg = Release|Any CPU
		{FD4D4149-70F2-41C9-B8D0-A53CA423AD71}.Release|x86.Build.0 = Release|Any CPU
		{1A486C96-7135-425D-86C9-937EABA347CB}.Debug|Any CPU.ActiveCfg = Debug|Any CPU
		{1A486C96-7135-425D-86C9-937EABA347CB}.Debug|Any CPU.Build.0 = Debug|Any CPU
		{1A486C96-7135-425D-86C9-937EABA347CB}.Debug|x64.ActiveCfg = Debug|Any CPU
		{1A486C96-7135-425D-86C9-937EABA347CB}.Debug|x64.Build.0 = Debug|Any CPU
		{1A486C96-7135-425D-86C9-937EABA347CB}.Debug|x86.ActiveCfg = Debug|Any CPU
		{1A486C96-7135-425D-86C9-937EABA347CB}.Debug|x86.Build.0 = Debug|Any CPU
		{1A486C96-7135-425D-86C9-937EABA347CB}.Release|Any CPU.ActiveCfg = Release|Any CPU
		{1A486C96-7135-425D-86C9-937EABA347CB}.Release|Any CPU.Build.0 = Release|Any CPU
		{1A486C96-7135-425D-86C9-937EABA347CB}.Release|x64.ActiveCfg = Release|Any CPU
		{1A486C96-7135-425D-86C9-937EABA347CB}.Release|x64.Build.0 = Release|Any CPU
		{1A486C96-7135-425D-86C9-937EABA347CB}.Release|x86.ActiveCfg = Release|Any CPU
		{1A486C96-7135-425D-86C9-937EABA347CB}.Release|x86.Build.0 = Release|Any CPU
		{B78B3ECD-F184-4018-A049-3C0FAC369993}.Debug|Any CPU.ActiveCfg = Debug|Any CPU
		{B78B3ECD-F184-4018-A049-3C0FAC369993}.Debug|Any CPU.Build.0 = Debug|Any CPU
		{B78B3ECD-F184-4018-A049-3C0FAC369993}.Debug|x64.ActiveCfg = Debug|Any CPU
		{B78B3ECD-F184-4018-A049-3C0FAC369993}.Debug|x64.Build.0 = Debug|Any CPU
		{B78B3ECD-F184-4018-A049-3C0FAC369993}.Debug|x86.ActiveCfg = Debug|Any CPU
		{B78B3ECD-F184-4018-A049-3C0FAC369993}.Debug|x86.Build.0 = Debug|Any CPU
		{B78B3ECD-F184-4018-A049-3C0FAC369993}.Release|Any CPU.ActiveCfg = Release|Any CPU
		{B78B3ECD-F184-4018-A049-3C0FAC369993}.Release|Any CPU.Build.0 = Release|Any CPU
		{B78B3ECD-F184-4018-A049-3C0FAC369993}.Release|x64.ActiveCfg = Release|Any CPU
		{B78B3ECD-F184-4018-A049-3C0FAC369993}.Release|x64.Build.0 = Release|Any CPU
		{B78B3ECD-F184-4018-A049-3C0FAC369993}.Release|x86.ActiveCfg = Release|Any CPU
		{B78B3ECD-F184-4018-A049-3C0FAC369993}.Release|x86.Build.0 = Release|Any CPU
		{506F7A92-534F-4CF5-8BFF-18187855C8F6}.Debug|Any CPU.ActiveCfg = Debug|Any CPU
		{506F7A92-534F-4CF5-8BFF-18187855C8F6}.Debug|Any CPU.Build.0 = Debug|Any CPU
		{506F7A92-534F-4CF5-8BFF-18187855C8F6}.Debug|x64.ActiveCfg = Debug|Any CPU
		{506F7A92-534F-4CF5-8BFF-18187855C8F6}.Debug|x64.Build.0 = Debug|Any CPU
		{506F7A92-534F-4CF5-8BFF-18187855C8F6}.Debug|x86.ActiveCfg = Debug|Any CPU
		{506F7A92-534F-4CF5-8BFF-18187855C8F6}.Debug|x86.Build.0 = Debug|Any CPU
		{506F7A92-534F-4CF5-8BFF-18187855C8F6}.Release|Any CPU.ActiveCfg = Release|Any CPU
		{506F7A92-534F-4CF5-8BFF-18187855C8F6}.Release|Any CPU.Build.0 = Release|Any CPU
		{506F7A92-534F-4CF5-8BFF-18187855C8F6}.Release|x64.ActiveCfg = Release|Any CPU
		{506F7A92-534F-4CF5-8BFF-18187855C8F6}.Release|x64.Build.0 = Release|Any CPU
		{506F7A92-534F-4CF5-8BFF-18187855C8F6}.Release|x86.ActiveCfg = Release|Any CPU
		{506F7A92-534F-4CF5-8BFF-18187855C8F6}.Release|x86.Build.0 = Release|Any CPU
		{42D12C0B-8AE8-4097-8E36-048A2D37C637}.Debug|Any CPU.ActiveCfg = Debug|Any CPU
		{42D12C0B-8AE8-4097-8E36-048A2D37C637}.Debug|Any CPU.Build.0 = Debug|Any CPU
		{42D12C0B-8AE8-4097-8E36-048A2D37C637}.Debug|x64.ActiveCfg = Debug|Any CPU
		{42D12C0B-8AE8-4097-8E36-048A2D37C637}.Debug|x64.Build.0 = Debug|Any CPU
		{42D12C0B-8AE8-4097-8E36-048A2D37C637}.Debug|x86.ActiveCfg = Debug|Any CPU
		{42D12C0B-8AE8-4097-8E36-048A2D37C637}.Debug|x86.Build.0 = Debug|Any CPU
		{42D12C0B-8AE8-4097-8E36-048A2D37C637}.Release|Any CPU.ActiveCfg = Release|Any CPU
		{42D12C0B-8AE8-4097-8E36-048A2D37C637}.Release|Any CPU.Build.0 = Release|Any CPU
		{42D12C0B-8AE8-4097-8E36-048A2D37C637}.Release|x64.ActiveCfg = Release|Any CPU
		{42D12C0B-8AE8-4097-8E36-048A2D37C637}.Release|x64.Build.0 = Release|Any CPU
		{42D12C0B-8AE8-4097-8E36-048A2D37C637}.Release|x86.ActiveCfg = Release|Any CPU
		{42D12C0B-8AE8-4097-8E36-048A2D37C637}.Release|x86.Build.0 = Release|Any CPU
		{AA094DF4-ED1E-413F-BCB9-9DED8ED06E3D}.Debug|Any CPU.ActiveCfg = Debug|Any CPU
		{AA094DF4-ED1E-413F-BCB9-9DED8ED06E3D}.Debug|Any CPU.Build.0 = Debug|Any CPU
		{AA094DF4-ED1E-413F-BCB9-9DED8ED06E3D}.Debug|x64.ActiveCfg = Debug|Any CPU
		{AA094DF4-ED1E-413F-BCB9-9DED8ED06E3D}.Debug|x64.Build.0 = Debug|Any CPU
		{AA094DF4-ED1E-413F-BCB9-9DED8ED06E3D}.Debug|x86.ActiveCfg = Debug|Any CPU
		{AA094DF4-ED1E-413F-BCB9-9DED8ED06E3D}.Debug|x86.Build.0 = Debug|Any CPU
		{AA094DF4-ED1E-413F-BCB9-9DED8ED06E3D}.Release|Any CPU.ActiveCfg = Release|Any CPU
		{AA094DF4-ED1E-413F-BCB9-9DED8ED06E3D}.Release|Any CPU.Build.0 = Release|Any CPU
		{AA094DF4-ED1E-413F-BCB9-9DED8ED06E3D}.Release|x64.ActiveCfg = Release|Any CPU
		{AA094DF4-ED1E-413F-BCB9-9DED8ED06E3D}.Release|x64.Build.0 = Release|Any CPU
		{AA094DF4-ED1E-413F-BCB9-9DED8ED06E3D}.Release|x86.ActiveCfg = Release|Any CPU
		{AA094DF4-ED1E-413F-BCB9-9DED8ED06E3D}.Release|x86.Build.0 = Release|Any CPU
	EndGlobalSection
	GlobalSection(SolutionProperties) = preSolution
		HideSolutionNode = FALSE
	EndGlobalSection
	GlobalSection(NestedProjects) = preSolution
		{96A6562C-4377-47D7-9EA3-B876390AF94F} = {EB575617-D258-4BCA-8FC7-B973028AC366}
		{964D1710-94D8-4DCD-A440-03E016CCFC40} = {EB575617-D258-4BCA-8FC7-B973028AC366}
		{04A4EE68-B569-4662-9AD4-0F0DEC2F833A} = {EB575617-D258-4BCA-8FC7-B973028AC366}
		{7415CB36-F5B4-4672-A45C-1D3C3F244291} = {F17C40FE-EB0A-4128-8371-7CD49EDBF798}
		{95F195B0-D106-4E8B-AFA2-652B5B5D604C} = {F17C40FE-EB0A-4128-8371-7CD49EDBF798}
		{FD4D4149-70F2-41C9-B8D0-A53CA423AD71} = {F17C40FE-EB0A-4128-8371-7CD49EDBF798}
		{1A486C96-7135-425D-86C9-937EABA347CB} = {F17C40FE-EB0A-4128-8371-7CD49EDBF798}
		{B78B3ECD-F184-4018-A049-3C0FAC369993} = {F17C40FE-EB0A-4128-8371-7CD49EDBF798}
		{506F7A92-534F-4CF5-8BFF-18187855C8F6} = {F17C40FE-EB0A-4128-8371-7CD49EDBF798}
		{42D12C0B-8AE8-4097-8E36-048A2D37C637} = {F17C40FE-EB0A-4128-8371-7CD49EDBF798}
		{AA094DF4-ED1E-413F-BCB9-9DED8ED06E3D} = {F17C40FE-EB0A-4128-8371-7CD49EDBF798}
	EndGlobalSection
	GlobalSection(ExtensibilityGlobals) = postSolution
		SolutionGuid = {CBDCB962-4479-4222-83DB-20B26024D379}
	EndGlobalSection
EndGlobal
